# THIS IS AN AUTOGENERATED FILE. DO NOT EDIT THIS FILE DIRECTLY.
# yarn lockfile v1


"@msgpack/msgpack@^2.7.1":
  version "2.7.1"
  resolved "https://registry.yarnpkg.com/@msgpack/msgpack/-/msgpack-2.7.1.tgz#f01954baadc502f3c82e9c3f72c740ce65eae1cc"
  integrity sha512-ApwiSL2c9ObewdOE/sqt788P1C5lomBOHyO8nUBCr4ofErBCnYQ003NtJ8lS9OQZc11ximkbmgAZJjB8y6cCdA==

"@types/cron@^1.7.3":
  version "1.7.3"
  resolved "https://registry.yarnpkg.com/@types/cron/-/cron-1.7.3.tgz#993db7d54646f61128c851607b64ba4495deae93"
  integrity sha512-iPmUXyIJG1Js+ldPYhOQcYU3kCAQ2FWrSkm1FJPoii2eYSn6wEW6onPukNTT0bfiflexNSRPl6KWmAIqS+36YA==
  dependencies:
    "@types/node" "*"
    moment ">=2.14.0"

"@types/node@*":
  version "16.9.1"
  resolved "https://registry.yarnpkg.com/@types/node/-/node-16.9.1.tgz#0611b37db4246c937feef529ddcc018cf8e35708"
  integrity sha512-QpLcX9ZSsq3YYUUnD3nFDY8H7wctAhQj/TFKL8Ya8v5fMm3CFXxo8zStsLAl780ltoYoo1WvKUVGBQK+1ifr7g==

"@types/node@^14.14.25":
  version "14.17.15"
  resolved "https://registry.yarnpkg.com/@types/node/-/node-14.17.15.tgz#d5ebfb62a69074ebb85cbe0529ad917bb8f2bae8"
  integrity sha512-D1sdW0EcSCmNdLKBGMYb38YsHUS6JcM7yQ6sLQ9KuZ35ck7LYCKE7kYFHOO59ayFOY3zobWVZxf4KXhYHcHYFA==

"@vercel/ncc@^0.31.1":
  version "0.31.1"
  resolved "https://registry.yarnpkg.com/@vercel/ncc/-/ncc-0.31.1.tgz#9346c7e59326f5eeac75c0286e47df94c2d6d8f7"
  integrity sha512-g0FAxwdViI6UzsiVz5HssIHqjcPa1EHL6h+2dcJD893SoCJaGdqqgUF09xnMW6goWnnhbLvgiKlgJWrJa+7qYA==

"cron@https://github.com/kelektiv/node-cron.git":
  version "1.8.2"
  resolved "https://github.com/kelektiv/node-cron.git#bf88cf2e4e1c0ca8f979467caa0f76ff84086292"
  dependencies:
    luxon "^1.23.x"

eslint-plugin-prettier@^2.2.0:
  version "2.7.0"
  resolved "https://registry.yarnpkg.com/eslint-plugin-prettier/-/eslint-plugin-prettier-2.7.0.tgz#b4312dcf2c1d965379d7f9d5b5f8aaadc6a45904"
  integrity sha512-CStQYJgALoQBw3FsBzH0VOVDRnJ/ZimUlpLm226U8qgqYJfPOY/CPK6wyRInMxh73HSKg5wyRwdS4BVYYHwokA==
  dependencies:
    fast-diff "^1.1.1"
    jest-docblock "^21.0.0"

"evntcom-js@https://github.com/EvntBoard/evntcom-js.git":
  version "1.0.0"
  resolved "https://github.com/EvntBoard/evntcom-js.git#76a6544269e1980881b8bab642fd83348396ec92"
  dependencies:
    "@msgpack/msgpack" "^2.7.1"
    uuid "^8.3.2"

fast-diff@^1.1.1:
  version "1.2.0"
  resolved "https://registry.yarnpkg.com/fast-diff/-/fast-diff-1.2.0.tgz#73ee11982d86caaf7959828d519cfe927fac5f03"
  integrity sha512-xJuoT5+L99XlZ8twedaRf6Ax2TgQVxvgZOYoPKqZufmJib0tL2tegPBOZb1pVNgIhlqDlA0eO0c3wBvQcmzx4w==

jest-docblock@^21.0.0:
  version "21.2.0"
  resolved "https://registry.yarnpkg.com/jest-docblock/-/jest-docblock-21.2.0.tgz#51529c3b30d5fd159da60c27ceedc195faf8d414"
  integrity sha512-5IZ7sY9dBAYSV+YjQ0Ovb540Ku7AO9Z5o2Cg789xj167iQuZ2cG+z0f3Uct6WeYLbU6aQiM2pCs7sZ+4dotydw==

lines-and-columns@^1.1.6:
  version "1.1.6"
  resolved "https://registry.yarnpkg.com/lines-and-columns/-/lines-and-columns-1.1.6.tgz#1c00c743b433cd0a4e80758f7b64a57440d9ff00"
  integrity sha1-HADHQ7QzzQpOgHWPe2SldEDZ/wA=

luxon@^1.23.x:
  version "1.28.0"
  resolved "https://registry.yarnpkg.com/luxon/-/luxon-1.28.0.tgz#e7f96daad3938c06a62de0fb027115d251251fbf"
  integrity sha512-TfTiyvZhwBYM/7QdAVDh+7dBTBA29v4ik0Ce9zda3Mnf8on1S5KJI8P2jKFZ8+5C0jhmr0KwJEO/Wdpm0VeWJQ==

moment@>=2.14.0:
  version "2.29.1"
  resolved "https://registry.yarnpkg.com/moment/-/moment-2.29.1.tgz#b2be769fa31940be9eeea6469c075e35006fa3d3"
  integrity sha512-kHmoybcPV8Sqy59DwNDY3Jefr64lK/by/da0ViFcuA4DH0vQg5Q6Ze5VimxkfQNSC+Mls/Kx53s7TjP1RhFEDQ==

prettier@^2.4.0:
  version "2.4.0"
  resolved "https://registry.yarnpkg.com/prettier/-/prettier-2.4.0.tgz#85bdfe0f70c3e777cf13a4ffff39713ca6f64cba"
  integrity sha512-DsEPLY1dE5HF3BxCRBmD4uYZ+5DCbvatnolqTqcxEgKVZnL2kUfyu7b8pPQ5+hTBkdhU9SLUmK0/pHb07RE4WQ==

tslib@^1.7.1:
  version "1.14.1"
  resolved "https://registry.yarnpkg.com/tslib/-/tslib-1.14.1.tgz#cf2d38bdc34a134bcaf1091c41f6619e2f672d00"
  integrity sha512-Xni35NKzjgMrwevysHTCArtLDpPvye8zV/0E4EyYn43P7/7qvQwPh9BGkHewbMulVntbigmcT7rdX3BNo9wRJg==

tslint-plugin-prettier@^2.3.0:
  version "2.3.0"
  resolved "https://registry.yarnpkg.com/tslint-plugin-prettier/-/tslint-plugin-prettier-2.3.0.tgz#73fe71bf9f03842ac48c104122ca9b1de012ecf4"
  integrity sha512-F9e4K03yc9xuvv+A0v1EmjcnDwpz8SpCD8HzqSDe0eyg34cBinwn9JjmnnRrNAs4HdleRQj7qijp+P/JTxt4vA==
  dependencies:
    eslint-plugin-prettier "^2.2.0"
    lines-and-columns "^1.1.6"
    tslib "^1.7.1"

typescript@^4.4.2:
  version "4.4.3"
  resolved "https://registry.yarnpkg.com/typescript/-/typescript-4.4.3.tgz#bdc5407caa2b109efd4f82fe130656f977a29324"
  integrity sha512-4xfscpisVgqqDfPaJo5vkd+Qd/ItkoagnHpufr+i2QCHBsNYp+G7UAoyFl8aPtx879u38wPV65rZ8qbGZijalA==

uuid@^8.3.2:
  version "8.3.2"
  resolved "https://registry.yarnpkg.com/uuid/-/uuid-8.3.2.tgz#80d5b5ced271bb9af6c445f21a1a04c606cefbe2"
  integrity sha512-+NYs2QeMWy+GWFOEm9xnn6HCDp0l7QBD7ml8zLUmJ+93Q5NF0NocErnwkTkXVFNiX3/fpC6afS8Dhb/gz7R7eg==
